
Microsoft Visual Studio Solution File, Format Version 12.00
# Visual Studio Version 17
VisualStudioVersion = 17.4.33205.214
MinimumVisualStudioVersion = 10.0.40219.1
Project("{9A19103F-16F7-4668-BE54-9A1E7A4F7556}") = "ASP.Blog", "ASP.Blog\ASP.Blog.csproj", "{4B9D03C2-D24E-4277-ACB1-724CFC3D679D}"
EndProject
Project("{9A19103F-16F7-4668-BE54-9A1E7A4F7556}") = "ASP.Blog.BLL", "ASP.Blog.BLL\ASP.Blog.BLL.csproj", "{55FB00E8-53E0-4046-92AE-FDA460BC3432}"
EndProject
Global
	GlobalSection(SolutionConfigurationPlatforms) = preSolution
		Debug|Any CPU = Debug|Any CPU
		Release|Any CPU = Release|Any CPU
	EndGlobalSection
	GlobalSection(ProjectConfigurationPlatforms) = postSolution
		{4B9D03C2-D24E-4277-ACB1-724CFC3D679D}.Debug|Any CPU.ActiveCfg = Debug|Any CPU
		{4B9D03C2-D24E-4277-ACB1-724CFC3D679D}.Debug|Any CPU.Build.0 = Debug|Any CPU
		{4B9D03C2-D24E-4277-ACB1-724CFC3D679D}.Release|Any CPU.ActiveCfg = Release|Any CPU
		{4B9D03C2-D24E-4277-ACB1-724CFC3D679D}.Release|Any CPU.Build.0 = Release|Any CPU
		{55FB00E8-53E0-4046-92AE-FDA460BC3432}.Debug|Any CPU.ActiveCfg = Debug|Any CPU
		{55FB00E8-53E0-4046-92AE-FDA460BC3432}.Debug|Any CPU.Build.0 = Debug|Any CPU
		{55FB00E8-53E0-4046-92AE-FDA460BC3432}.Release|Any CPU.ActiveCfg = Release|Any CPU
		{55FB00E8-53E0-4046-92AE-FDA460BC3432}.Release|Any CPU.Build.0 = Release|Any CPU
	EndGlobalSection
	GlobalSection(SolutionProperties) = preSolution
		HideSolutionNode = FALSE
	EndGlobalSection
	GlobalSection(ExtensibilityGlobals) = postSolution
		SolutionGuid = {1ADE16E0-6274-4D14-B12A-AD3DA007024C}
	EndGlobalSection
EndGlobal
